
Microsoft Visual Studio Solution File, Format Version 12.00
# Visual Studio 14
VisualStudioVersion = 14.0.25420.1
MinimumVisualStudioVersion = 10.0.40219.1
Project("{FAE04EC0-301F-11D3-BF4B-00C04F79EFBC}") = "Keyner_v1", "Keyner_v1\Keyner_v1.csproj", "{185793E8-3C90-449C-8792-70B929CAC5C2}"
EndProject
Project("{FAE04EC0-301F-11D3-BF4B-00C04F79EFBC}") = "KeynerAdminApplication", "KeynerAdminApplication\KeynerAdminApplication.csproj", "{2376A3DD-AEA7-4929-B5DA-7D678FA81899}"
EndProject
Global
	GlobalSection(SolutionConfigurationPlatforms) = preSolution
		Debug|Any CPU = Debug|Any CPU
		Release|Any CPU = Release|Any CPU
	EndGlobalSection
	GlobalSection(ProjectConfigurationPlatforms) = postSolution
		{185793E8-3C90-449C-8792-70B929CAC5C2}.Debug|Any CPU.ActiveCfg = Debug|Any CPU
		{185793E8-3C90-449C-8792-70B929CAC5C2}.Debug|Any CPU.Build.0 = Debug|Any CPU
		{185793E8-3C90-449C-8792-70B929CAC5C2}.Release|Any CPU.ActiveCfg = Release|Any CPU
		{185793E8-3C90-449C-8792-70B929CAC5C2}.Release|Any CPU.Build.0 = Release|Any CPU
		{2376A3DD-AEA7-4929-B5DA-7D678FA81899}.Debug|Any CPU.ActiveCfg = Debug|Any CPU
		{2376A3DD-AEA7-4929-B5DA-7D678FA81899}.Debug|Any CPU.Build.0 = Debug|Any CPU
		{2376A3DD-AEA7-4929-B5DA-7D678FA81899}.Release|Any CPU.ActiveCfg = Release|Any CPU
		{2376A3DD-AEA7-4929-B5DA-7D678FA81899}.Release|Any CPU.Build.0 = Release|Any CPU
	EndGlobalSection
	GlobalSection(SolutionProperties) = preSolution
		HideSolutionNode = FALSE
	EndGlobalSection
EndGlobal
